{
  "name": "pi-extensions",
  "lockfileVersion": 3,
  "requires": true,
  "packages": {
    "": {
      "name": "pi-extensions",
      "dependencies": {
        "@dietrichgebert/ponytail": "4.10.0",
        "@narumitw/pi-accounts": "0.52.2",
        "@narumitw/pi-btw": "0.61.1",
        "pi-nvim": "0.2.5"
      }
    },
    "node_modules/@dietrichgebert/ponytail": {
      "version": "4.10.0",
      "resolved": "https://registry.npmjs.org/@dietrichgebert/ponytail/-/ponytail-4.10.0.tgz",
      "integrity": "sha512-O2H+RWO0ojk8D8yz9q1F82ybKTXpYtrBb7mHkQT+/iCtsXndAxJo05KU1hkLPjV203ABq+cj89Th9jFvdnc6Mg==",
      "license": "MIT"
    },
    "node_modules/@narumitw/pi-accounts": {
      "version": "0.52.2",
      "resolved": "https://registry.npmjs.org/@narumitw/pi-accounts/-/pi-accounts-0.52.2.tgz",
      "integrity": "sha512-0d+Hd32ujEgmckzXlNcy31p1BuGRVkDvj/84WuAW4gC4V0l0qAbqhV/ysaO5kUuajIkoyMrWPny+AU7LLm9m4A==",
      "license": "MIT",
      "dependencies": {
        "@narumitw/pi-tui-kit": "^0.59.0",
        "proper-lockfile": "^4.1.2"
      },
      "peerDependencies": {
        "@earendil-works/pi-ai": "*",
        "@earendil-works/pi-coding-agent": "*"
      }
    },
    "node_modules/@narumitw/pi-btw": {
      "version": "0.61.1",
      "resolved": "https://registry.npmjs.org/@narumitw/pi-btw/-/pi-btw-0.61.1.tgz",
      "integrity": "sha512-s1AsDNnF4eEeQGByoI+m0Y7gewTkR3KlsnhToLvVJTQqlZWHtIBUlkrODtSan2rBKcYH2GdxlNx9G7WC6N0LvA==",
      "license": "MIT",
      "dependencies": {
        "@narumitw/pi-tui-kit": "^0.64.0"
      },
      "peerDependencies": {
        "@earendil-works/pi-ai": "*",
        "@earendil-works/pi-coding-agent": "*",
        "@earendil-works/pi-tui": "*"
      }
    },
    "node_modules/@narumitw/pi-btw/node_modules/@narumitw/pi-tui-kit": {
      "version": "0.64.0",
      "resolved": "https://registry.npmjs.org/@narumitw/pi-tui-kit/-/pi-tui-kit-0.64.0.tgz",
      "integrity": "sha512-VdFK3DyNzanfabeNP9DFX8Jj2LMKi6RV0q3Mf+xVwosG0bMWIIUwe6S9KDBYq5KfzEMzr4iFMSBweT95McwedQ==",
      "license": "MIT",
      "dependencies": {
        "diff": "9.0.0",
        "grok-mermaid": "0.2.3",
        "highlight.js": "11.12.0"
      },
      "peerDependencies": {
        "@earendil-works/pi-coding-agent": "*",
        "@earendil-works/pi-tui": "*"
      }
    },
    "node_modules/@narumitw/pi-tui-kit": {
      "version": "0.59.0",
      "resolved": "https://registry.npmjs.org/@narumitw/pi-tui-kit/-/pi-tui-kit-0.59.0.tgz",
      "integrity": "sha512-KBbOcciJD+HVbeduUwBUiSy2AehMGYeOwiRPXvac5tcjuh3SDoQ+7qsNPt2s/ku6exJKZp0GYtAVsiu5ySddmA==",
      "license": "MIT",
      "dependencies": {
        "grok-mermaid": "0.2.3",
        "highlight.js": "11.12.0"
      },
      "peerDependencies": {
        "@earendil-works/pi-coding-agent": "*",
        "@earendil-works/pi-tui": "*"
      }
    },
    "node_modules/diff": {
      "version": "9.0.0",
      "resolved": "https://registry.npmjs.org/diff/-/diff-9.0.0.tgz",
      "integrity": "sha512-svtcdpS8CgJyqAjEQIXdb3OjhFVVYjzGAPO8WGCmRbrml64SPw/jJD4GoE98aR7r25A0XcgrK3F02yw9R/vhQw==",
      "license": "BSD-3-Clause",
      "engines": {
        "node": ">=0.3.1"
      }
    },
    "node_modules/graceful-fs": {
      "version": "4.2.11",
      "resolved": "https://registry.npmjs.org/graceful-fs/-/graceful-fs-4.2.11.tgz",
      "integrity": "sha512-RbJ5/jmFcNNCcDV5o9eTnBLJ/HszWV0P73bc+Ff4nS/rJj+YaS6IGyiOL0VoBYX+l1Wrl3k63h/KrH+nhJ0XvQ==",
      "license": "ISC"
    },
    "node_modules/grok-mermaid": {
      "version": "0.2.3",
      "resolved": "https://registry.npmjs.org/grok-mermaid/-/grok-mermaid-0.2.3.tgz",
      "integrity": "sha512-/4KopAbsjvuRP9MdPtlDjOHUmUVEohOX73JNcsWpzAtFxh+bq5+Dhb6gzvRieLDwIPQIR3/vy8V1NNTuz4Zsmg==",
      "license": "Apache-2.0",
      "engines": {
        "node": ">=18"
      }
    },
    "node_modules/highlight.js": {
      "version": "11.12.0",
      "resolved": "https://registry.npmjs.org/highlight.js/-/highlight.js-11.12.0.tgz",
      "integrity": "sha512-nbfWpyRMcMrPMmDwJB+dhX/eiaPKtc2RB+0QZskqJ3WjRA/FDS0e9hZrx8EC/lbEv8gXy98FcDbNa/dspAaJMg==",
      "license": "BSD-3-Clause",
      "engines": {
        "node": ">=12.0.0"
      }
    },
    "node_modules/pi-nvim": {
      "version": "0.2.5",
      "resolved": "https://registry.npmjs.org/pi-nvim/-/pi-nvim-0.2.5.tgz",
      "integrity": "sha512-qvGW6OU/Z0GW7PAl/q1KjlG9dAMBWJc6UJJEWu9NyX4PQ7mspcDViXxrXwOb7ZIWsRnqFOFMkyI33m6akXyI1Q==",
      "license": "MIT",
      "peerDependencies": {
        "@earendil-works/pi-coding-agent": "^0.74.0"
      },
      "peerDependenciesMeta": {
        "@earendil-works/pi-coding-agent": {
          "optional": true
        }
      }
    },
    "node_modules/proper-lockfile": {
      "version": "4.1.2",
      "resolved": "https://registry.npmjs.org/proper-lockfile/-/proper-lockfile-4.1.2.tgz",
      "integrity": "sha512-TjNPblN4BwAWMXU8s9AEz4JmQxnD1NNL7bNOY/AKUzyamc379FWASUhc/K1pL2noVb+XmZKLL68cjzLsiOAMaA==",
      "license": "MIT",
      "dependencies": {
        "graceful-fs": "^4.2.4",
        "retry": "^0.12.0",
        "signal-exit": "^3.0.2"
      }
    },
    "node_modules/retry": {
      "version": "0.12.0",
      "resolved": "https://registry.npmjs.org/retry/-/retry-0.12.0.tgz",
      "integrity": "sha512-9LkiTwjUh6rT555DtE9rTX+BKByPfrMzEAtnlEtdEwr3Nkffwiihqe2bWADg+OQRjt9gl6ICdmB/ZFDCGAtSow==",
      "license": "MIT",
      "engines": {
        "node": ">= 4"
      }
    },
    "node_modules/signal-exit": {
      "version": "3.0.7",
      "resolved": "https://registry.npmjs.org/signal-exit/-/signal-exit-3.0.7.tgz",
      "integrity": "sha512-wnD2ZE+l+SPC/uoS0vXeE9L1+0wuaMqKlfz9AMUo38JsyLSBWSFcHR1Rri62LZc12vLr1gb3jl7iwQhgwpAbGQ==",
      "license": "ISC"
    }
  }
}
